dependencies:
- name: mysql
  repository: https://charts.bitnami.com/bitnami
  version: 14.0.3
- name: redis
  repository: https://charts.bitnami.com/bitnami
  version: 22.0.3
- name: milvus
  repository: https://charts.bitnami.com/bitnami
  version: 16.0.1
- name: prometheus
  repository: https://charts.bitnami.com/bitnami
  version: 2.1.23
- name: grafana
  repository: https://charts.bitnami.com/bitnami
  version: 12.1.7
- name: grafana-loki
  repository: https://charts.bitnami.com/bitnami
  version: 6.0.6
- name: kube-state-metrics
  repository: https://charts.bitnami.com/bitnami
  version: 5.1.0
digest: sha256:bdce06c40688cad3b704b79d52218d1bf3f60c0b0d6356aef111263b9f78d2d3
generated: "2025-08-15T09:05:31.25122904Z"
