dependencies:
- name: mysql
  repository: https://charts.bitnami.com/bitnami
  version: 12.2.2
- name: redis
  repository: https://charts.bitnami.com/bitnami
  version: 20.6.3
- name: milvus
  repository: https://charts.bitnami.com/bitnami
  version: 11.0.0
- name: prometheus
  repository: https://charts.bitnami.com/bitnami
  version: 1.4.4
- name: grafana
  repository: https://charts.bitnami.com/bitnami
  version: 11.4.5
- name: grafana-loki
  repository: https://charts.bitnami.com/bitnami
  version: 4.7.3
- name: kube-state-metrics
  repository: https://charts.bitnami.com/bitnami
  version: 5.0.1
digest: sha256:787f986c16ab04879293448fec04525750dea1044d040e0bb2754ec91198cf7f
generated: "2025-02-03T20:56:15.727014296Z"
