dependencies:
- name: mysql
  repository: https://charts.bitnami.com/bitnami
  version: 13.0.4
- name: redis
  repository: https://charts.bitnami.com/bitnami
  version: 21.2.12
- name: milvus
  repository: https://charts.bitnami.com/bitnami
  version: 15.0.13
- name: prometheus
  repository: https://charts.bitnami.com/bitnami
  version: 2.1.15
- name: grafana
  repository: https://charts.bitnami.com/bitnami
  version: 12.1.1
- name: grafana-loki
  repository: https://charts.bitnami.com/bitnami
  version: 6.0.0
- name: kube-state-metrics
  repository: https://charts.bitnami.com/bitnami
  version: 5.0.14
digest: sha256:3c26da2b3d80fea7d43cd8096f8e104a4810c03964da007fe9dcfd32f97e9191
generated: "2025-07-18T15:58:30.099689183Z"
